// !$*UTF8*$!
{
	archiveVersion = 1;
	classes = {
	};
	objectVersion = 46;
	objects = {
		AADDBF7501048BA48460EE79 = {
			isa = PBXBuildFile;
			fileRef = 8AFB42F3C83327F1CCCC6C48;
		};
		7D26CC493D6D0A7CCF42F9D3 = {
			isa = PBXBuildFile;
			fileRef = 08D4BF5E77A8537E2BB6B25F;
		};
		C7144B3A408FB97B2266F5E6 = {
			isa = PBXBuildFile;
			fileRef = 0A2102F76840B46BE1576D59;
		};
		67FE6666AE9E941CD860882A = {
			isa = PBXBuildFile;
			fileRef = 8FCD67E7C8A3B9A1C450F4CA;
		};
		53D6243ECE095B762AA89DC6 = {
			isa = PBXBuildFile;
			fileRef = 805E9377A9B56AA854B77ECD;
		};
		69E1E1222989C77A9198C338 = {
			isa = PBXBuildFile;
			fileRef = C9CDBCE915306F415AA98F98;
		};
		85693F9A1926D17BC126D9D7 = {
			isa = PBXBuildFile;
			fileRef = 8FAC07241F434C12DB1CA062;
		};
		FB6A77CF9D1457C4F0107D75 = {
			isa = PBXBuildFile;
			fileRef = 0CC4FAFF77CCC1669BB74767;
		};
		1C9221E70AA03D32E510E8A3 = {
			isa = PBXBuildFile;
			fileRef = 84FA8DA7C82F3713C46D7A36;
		};
		2DE582553DBBD42AEB49CB36 = {
			isa = PBXBuildFile;
			fileRef = 3D42F6A707F8B090A46C7948;
		};
		D03F6FE315792FF5AD945CEB = {
			isa = PBXBuildFile;
			fileRef = 7082C025BA1186A9FA9ADD8F;
		};
		4CC37E46DEB4DCACFA30E410 = {
			isa = PBXBuildFile;
			fileRef = 8E0431BF79DD7AA97CC8308D;
		};
		F19A151A161D9FDE6559831C = {
			isa = PBXBuildFile;
			fileRef = FFF82694E06216AABB6E4F32;
		};
		FD78BC7D03365E0E4AE1C814 = {
			isa = PBXBuildFile;
			fileRef = B077B1CAA7C0160C258D7948;
		};
		44ACF8AD7B174917B8C5C31C = {
			isa = PBXBuildFile;
			fileRef = 71B38F426C9F28FAFBBDCB16;
		};
		CE4DE6D17097F6F2A566C772 = {
			isa = PBXBuildFile;
			fileRef = AE1FF51F6188E43E854A56B0;
		};
		28A67665E6D4EA468867CEAE = {
			isa = PBXBuildFile;
			fileRef = 5C69E1027CEF62168FBF61ED;
		};
		FAA8ABC341B046B32A0F0A0C = {
			isa = PBXBuildFile;
			fileRef = 27874586040F47A95976EDA8;
		};
		58DDD5572F05F05413345E0C = {
			isa = PBXBuildFile;
			fileRef = 5260A108A5BC3C794EC9FF23;
		};
		2EA3FDFC66535027114FA623 = {
			isa = PBXBuildFile;
			fileRef = 9E27759898D0E58DC6ED4945;
		};
		13D4C349B69170FEB603C1A2 = {
			isa = PBXBuildFile;
			fileRef = F7626BFFD73FB0F674277416;
		};
		0A894FB4868EB0AE73C3963D = {
			isa = PBXBuildFile;
			fileRef = BCE897390AD2B06E57A5B166;
		};
		1BD8018DA5F565EE31101F68 = {
			isa = PBXBuildFile;
			fileRef = EFEE6D0A11D22B5093B6BE2C;
		};
		BB70F3A1F70E262B26071E41 = {
			isa = PBXBuildFile;
			fileRef = C1831337B0ADCF5D81A583ED;
		};
		EFB0FC9051FF3F28A1D9A37B = {
			isa = PBXBuildFile;
			fileRef = EF58F68389EDD84E689705A8;
		};
		28AE8CC2D4A2CB3A96D69ECC = {
			isa = PBXBuildFile;
			fileRef = D1E852B3BCF594E8CDCBDFEA;
		};
		747CA8BA824AC7564FC2F705 = {
			isa = PBXBuildFile;
			fileRef = 8B6A378C14E0C1B85367C54F;
		};
		E782E9ACB402A2C25336F2E8 = {
			isa = PBXBuildFile;
			fileRef = D0F3D900A82E0F362EE743FE;
		};
		C1F8F479D46AB33801F02193 = {
			isa = PBXBuildFile;
			fileRef = F137255324E9DF73E70460AB;
		};
		87B6884734E740AC3D6AF8A4 = {
			isa = PBXBuildFile;
			fileRef = CC008B9AA7118C10267CA5FF;
		};
		602E3121947FB60E7F0F5A75 = {
			isa = PBXBuildFile;
			fileRef = F9E2E6346AA6ABA6A7F86705;
		};
		C48A88D3CFC89A9E1E7C6AC1 = {
			isa = PBXBuildFile;
			fileRef = 54F08DAAB2B8BEEEC96FA114;
		};
		CABD7B3F4840BC48D085369B = {
			isa = PBXBuildFile;
			fileRef = 2D9E18C322E0258886814BF8;
		};
		E3807573A51148EE23DD6A5C = {
			isa = PBXBuildFile;
			fileRef = 2DBEB33589DC759EC26DF5FD;
		};
		B3BB4CE27E6129FBF652B87B = {
			isa = PBXBuildFile;
			fileRef = 1F76D64A69C792034922FD32;
		};
		8AFB42F3C83327F1CCCC6C48 = {
			isa = PBXFileReference;
			explicitFileType = wrapper.cfbundle;
			includeInIndex = 0;
			path = RitaAndAuroraMetronome.vst;
			sourceTree = "BUILT_PRODUCTS_DIR";
		};
		08D4BF5E77A8537E2BB6B25F = {
			isa = PBXFileReference;
			explicitFileType = wrapper.application;
			includeInIndex = 0;
			path = RitaAndAuroraMetronome.app;
			sourceTree = "BUILT_PRODUCTS_DIR";
		};
		0A2102F76840B46BE1576D59 = {
			isa = PBXFileReference;
			explicitFileType = archive.ar;
			includeInIndex = 0;
			path = libRitaAndAuroraMetronome.a;
			sourceTree = "BUILT_PRODUCTS_DIR";
		};
		0B42AB8AE4E58FAF4AE22D93 = {
			isa = PBXFileReference;
			lastKnownFileType = file;
			name = "juce_audio_plugin_client";
			path = "../../../../SourceSampler/3rdParty/JUCE/modules/juce_audio_plugin_client";
			sourceTree = "SOURCE_ROOT";
		};
		0CC4FAFF77CCC1669BB74767 = {
			isa = PBXFileReference;
			lastKnownFileType = wrapper.framework;
			name = CoreAudio.framework;
			path = System/Library/Frameworks/CoreAudio.framework;
			sourceTree = SDKROOT;
		};
		13187E3D054744D48420B91B = {
			isa = PBXFileReference;
			lastKnownFileType = file;
			name = "juce_gui_basics";
			path = "../../../../SourceSampler/3rdParty/JUCE/modules/juce_gui_basics";
			sourceTree = "SOURCE_ROOT";
		};
		1B1C4CE2F5F7CBB899959CA2 = {
			isa = PBXFileReference;
			lastKnownFileType = file;
			name = "juce_audio_devices";
			path = "../../../../SourceSampler/3rdParty/JUCE/modules/juce_audio_devices";
			sourceTree = "SOURCE_ROOT";
		};
		1F76D64A69C792034922FD32 = {
			isa = PBXFileReference;
			lastKnownFileType = sourcecode.cpp.objcpp;
			name = "include_juce_gui_extra.mm";
			path = "../../JuceLibraryCode/include_juce_gui_extra.mm";
			sourceTree = "SOURCE_ROOT";
		};
		2080167029397B4FCAB0776E = {
			isa = PBXFileReference;
			lastKnownFileType = sourcecode.c.h;
			name = BinaryData.h;
			path = ../../JuceLibraryCode/BinaryData.h;
			sourceTree = "SOURCE_ROOT";
		};
		2585EEEAA45037E326E1788D = {
			isa = PBXFileReference;
			lastKnownFileType = file.wav;
			name = "metro1_down.wav";
			path = "../../Source/metro1_down.wav";
			sourceTree = "SOURCE_ROOT";
		};
		27874586040F47A95976EDA8 = {
			isa = PBXFileReference;
			lastKnownFileType = sourcecode.cpp.cpp;
			name = PluginProcessor.cpp;
			path = ../../Source/PluginProcessor.cpp;
			sourceTree = "SOURCE_ROOT";
		};
		2D9E18C322E0258886814BF8 = {
			isa = PBXFileReference;
			lastKnownFileType = sourcecode.cpp.objcpp;
			name = "include_juce_graphics.mm";
			path = "../../JuceLibraryCode/include_juce_graphics.mm";
			sourceTree = "SOURCE_ROOT";
		};
		2DBEB33589DC759EC26DF5FD = {
			isa = PBXFileReference;
			lastKnownFileType = sourcecode.cpp.objcpp;
			name = "include_juce_gui_basics.mm";
			path = "../../JuceLibraryCode/include_juce_gui_basics.mm";
			sourceTree = "SOURCE_ROOT";
		};
		3D42F6A707F8B090A46C7948 = {
			isa = PBXFileReference;
			lastKnownFileType = wrapper.framework;
			name = CoreMIDI.framework;
			path = System/Library/Frameworks/CoreMIDI.framework;
			sourceTree = SDKROOT;
		};
		5260A108A5BC3C794EC9FF23 = {
			isa = PBXFileReference;
			lastKnownFileType = sourcecode.cpp.cpp;
			name = PluginEditor.cpp;
			path = ../../Source/PluginEditor.cpp;
			sourceTree = "SOURCE_ROOT";
		};
		54F08DAAB2B8BEEEC96FA114 = {
			isa = PBXFileReference;
			lastKnownFileType = sourcecode.cpp.objcpp;
			name = "include_juce_events.mm";
			path = "../../JuceLibraryCode/include_juce_events.mm";
			sourceTree = "SOURCE_ROOT";
		};
		5C69E1027CEF62168FBF61ED = {
			isa = PBXFileReference;
			lastKnownFileType = sourcecode.cpp.cpp;
			name = MetronomeSynth.cpp;
			path = ../../Source/MetronomeSynth.cpp;
			sourceTree = "SOURCE_ROOT";
		};
		5DFCDC0FED970E8653DCC392 = {
			isa = PBXFileReference;
			lastKnownFileType = sourcecode.c.h;
			name = PluginProcessor.h;
			path = ../../Source/PluginProcessor.h;
			sourceTree = "SOURCE_ROOT";
		};
		600288B921C13C02CEFB5C65 = {
			isa = PBXFileReference;
			lastKnownFileType = text.plist.xml;
			name = "Info-VST.plist";
			path = "Info-VST.plist";
			sourceTree = "SOURCE_ROOT";
		};
		7082C025BA1186A9FA9ADD8F = {
			isa = PBXFileReference;
			lastKnownFileType = wrapper.framework;
			name = DiscRecording.framework;
			path = System/Library/Frameworks/DiscRecording.framework;
			sourceTree = SDKROOT;
		};
		71B38F426C9F28FAFBBDCB16 = {
			isa = PBXFileReference;
			lastKnownFileType = wrapper.framework;
			name = WebKit.framework;
			path = System/Library/Frameworks/WebKit.framework;
			sourceTree = SDKROOT;
		};
		75C6051E1434A2C6B46476DE = {
			isa = PBXFileReference;
			lastKnownFileType = sourcecode.c.h;
			name = JucePluginDefines.h;
			path = ../../JuceLibraryCode/JucePluginDefines.h;
			sourceTree = "SOURCE_ROOT";
		};
		76BBEE4C142D0666D5D871AA = {
			isa = PBXFileReference;
			lastKnownFileType = file;
			name = "juce_audio_utils";
			path = "../../../../SourceSampler/3rdParty/JUCE/modules/juce_audio_utils";
			sourceTree = "SOURCE_ROOT";
		};
		78A23C0320C6CE43A9686746 = {
			isa = PBXFileReference;
			lastKnownFileType = sourcecode.c.h;
			name = JuceHeader.h;
			path = ../../JuceLibraryCode/JuceHeader.h;
			sourceTree = "SOURCE_ROOT";
		};
		7F38A2BD469AC5702F56F403 = {
			isa = PBXFileReference;
			lastKnownFileType = file.wav;
			name = "metro1_up.wav";
			path = "../../Source/metro1_up.wav";
			sourceTree = "SOURCE_ROOT";
		};
		805E9377A9B56AA854B77ECD = {
			isa = PBXFileReference;
			lastKnownFileType = wrapper.framework;
			name = AudioToolbox.framework;
			path = System/Library/Frameworks/AudioToolbox.framework;
			sourceTree = SDKROOT;
		};
		84FA8DA7C82F3713C46D7A36 = {
			isa = PBXFileReference;
			lastKnownFileType = wrapper.framework;
			name = CoreAudioKit.framework;
			path = System/Library/Frameworks/CoreAudioKit.framework;
			sourceTree = SDKROOT;
		};
		86A21848DDC1F61525302806 = {
			isa = PBXFileReference;
			lastKnownFileType = file;
			name = "juce_data_structures";
			path = "../../../../SourceSampler/3rdParty/JUCE/modules/juce_data_structures";
			sourceTree = "SOURCE_ROOT";
		};
		8B6A378C14E0C1B85367C54F = {
			isa = PBXFileReference;
			lastKnownFileType = sourcecode.cpp.cpp;
			name = "include_juce_audio_plugin_client_VST2.cpp";
			path = "../../JuceLibraryCode/include_juce_audio_plugin_client_VST2.cpp";
			sourceTree = "SOURCE_ROOT";
		};
		8E0431BF79DD7AA97CC8308D = {
			isa = PBXFileReference;
			lastKnownFileType = wrapper.framework;
			name = Foundation.framework;
			path = System/Library/Frameworks/Foundation.framework;
			sourceTree = SDKROOT;
		};
		8FAC07241F434C12DB1CA062 = {
			isa = PBXFileReference;
			lastKnownFileType = wrapper.framework;
			name = Cocoa.framework;
			path = System/Library/Frameworks/Cocoa.framework;
			sourceTree = SDKROOT;
		};
		8FCD67E7C8A3B9A1C450F4CA = {
			isa = PBXFileReference;
			lastKnownFileType = wrapper.framework;
			name = Accelerate.framework;
			path = System/Library/Frameworks/Accelerate.framework;
			sourceTree = SDKROOT;
		};
		972C8CE46AB30DF915C26C59 = {
			isa = PBXFileReference;
			lastKnownFileType = sourcecode.c.h;
			name = PluginEditor.h;
			path = ../../Source/PluginEditor.h;
			sourceTree = "SOURCE_ROOT";
		};
		9E27759898D0E58DC6ED4945 = {
			isa = PBXFileReference;
			lastKnownFileType = sourcecode.cpp.cpp;
			name = BinaryData.cpp;
			path = ../../JuceLibraryCode/BinaryData.cpp;
			sourceTree = "SOURCE_ROOT";
		};
		A8CADD3DC8F529E4481418AA = {
			isa = PBXFileReference;
			lastKnownFileType = file;
			name = "juce_gui_extra";
			path = "../../../../SourceSampler/3rdParty/JUCE/modules/juce_gui_extra";
			sourceTree = "SOURCE_ROOT";
		};
		AA1B88B2B0BA9C205D63AD6D = {
			isa = PBXFileReference;
			lastKnownFileType = file;
			name = "juce_core";
			path = "../../../../SourceSampler/3rdParty/JUCE/modules/juce_core";
			sourceTree = "SOURCE_ROOT";
		};
		AE1FF51F6188E43E854A56B0 = {
			isa = PBXFileReference;
			lastKnownFileType = file.nib;
			name = RecentFilesMenuTemplate.nib;
			path = RecentFilesMenuTemplate.nib;
			sourceTree = "SOURCE_ROOT";
		};
		AF2C2CC3CB0F68A1BF8457A2 = {
			isa = PBXFileReference;
			lastKnownFileType = text.plist.xml;
			name = "Info-Standalone_Plugin.plist";
			path = "Info-Standalone_Plugin.plist";
			sourceTree = "SOURCE_ROOT";
		};
		B077B1CAA7C0160C258D7948 = {
			isa = PBXFileReference;
			lastKnownFileType = wrapper.framework;
			name = QuartzCore.framework;
			path = System/Library/Frameworks/QuartzCore.framework;
			sourceTree = SDKROOT;
		};
		BCE897390AD2B06E57A5B166 = {
			isa = PBXFileReference;
			lastKnownFileType = sourcecode.cpp.objcpp;
			name = "include_juce_audio_devices.mm";
			path = "../../JuceLibraryCode/include_juce_audio_devices.mm";
			sourceTree = "SOURCE_ROOT";
		};
		C0450081A387F96F0AAD8830 = {
			isa = PBXFileReference;
			lastKnownFileType = file;
			name = "juce_events";
			path = "../../../../SourceSampler/3rdParty/JUCE/modules/juce_events";
			sourceTree = "SOURCE_ROOT";
		};
		C1831337B0ADCF5D81A583ED = {
			isa = PBXFileReference;
			lastKnownFileType = sourcecode.cpp.cpp;
			name = "include_juce_audio_plugin_client_Standalone.cpp";
			path = "../../JuceLibraryCode/include_juce_audio_plugin_client_Standalone.cpp";
			sourceTree = "SOURCE_ROOT";
		};
		C9CDBCE915306F415AA98F98 = {
			isa = PBXFileReference;
			lastKnownFileType = wrapper.framework;
			name = Carbon.framework;
			path = System/Library/Frameworks/Carbon.framework;
			sourceTree = SDKROOT;
		};
		CC008B9AA7118C10267CA5FF = {
			isa = PBXFileReference;
			lastKnownFileType = sourcecode.cpp.objcpp;
			name = "include_juce_core.mm";
			path = "../../JuceLibraryCode/include_juce_core.mm";
			sourceTree = "SOURCE_ROOT";
		};
		D0F3D900A82E0F362EE743FE = {
			isa = PBXFileReference;
			lastKnownFileType = sourcecode.cpp.objcpp;
			name = "include_juce_audio_processors.mm";
			path = "../../JuceLibraryCode/include_juce_audio_processors.mm";
			sourceTree = "SOURCE_ROOT";
		};
		D1E852B3BCF594E8CDCBDFEA = {
			isa = PBXFileReference;
			lastKnownFileType = sourcecode.cpp.objcpp;
			name = "include_juce_audio_plugin_client_VST_utils.mm";
			path = "../../JuceLibraryCode/include_juce_audio_plugin_client_VST_utils.mm";
			sourceTree = "SOURCE_ROOT";
		};
		E44F091DC26776F39AEA074E = {
			isa = PBXFileReference;
			lastKnownFileType = file;
			name = "juce_graphics";
			path = "../../../../SourceSampler/3rdParty/JUCE/modules/juce_graphics";
			sourceTree = "SOURCE_ROOT";
		};
		E73A0E3DC1DA3A04849DEC78 = {
			isa = PBXFileReference;
			lastKnownFileType = file;
			name = "juce_audio_formats";
			path = "../../../../SourceSampler/3rdParty/JUCE/modules/juce_audio_formats";
			sourceTree = "SOURCE_ROOT";
		};
		EF58F68389EDD84E689705A8 = {
			isa = PBXFileReference;
			lastKnownFileType = sourcecode.cpp.cpp;
			name = "include_juce_audio_plugin_client_utils.cpp";
			path = "../../JuceLibraryCode/include_juce_audio_plugin_client_utils.cpp";
			sourceTree = "SOURCE_ROOT";
		};
		EFEE6D0A11D22B5093B6BE2C = {
			isa = PBXFileReference;
			lastKnownFileType = sourcecode.cpp.objcpp;
			name = "include_juce_audio_formats.mm";
			path = "../../JuceLibraryCode/include_juce_audio_formats.mm";
			sourceTree = "SOURCE_ROOT";
		};
		F137255324E9DF73E70460AB = {
			isa = PBXFileReference;
			lastKnownFileType = sourcecode.cpp.objcpp;
			name = "include_juce_audio_utils.mm";
			path = "../../JuceLibraryCode/include_juce_audio_utils.mm";
			sourceTree = "SOURCE_ROOT";
		};
		F374181C0CB15D44987C364F = {
			isa = PBXFileReference;
			lastKnownFileType = sourcecode.c.h;
			name = MetronomeSynth.h;
			path = ../../Source/MetronomeSynth.h;
			sourceTree = "SOURCE_ROOT";
		};
		F7626BFFD73FB0F674277416 = {
			isa = PBXFileReference;
			lastKnownFileType = sourcecode.cpp.objcpp;
			name = "include_juce_audio_basics.mm";
			path = "../../JuceLibraryCode/include_juce_audio_basics.mm";
			sourceTree = "SOURCE_ROOT";
		};
		F9E2E6346AA6ABA6A7F86705 = {
			isa = PBXFileReference;
			lastKnownFileType = sourcecode.cpp.objcpp;
			name = "include_juce_data_structures.mm";
			path = "../../JuceLibraryCode/include_juce_data_structures.mm";
			sourceTree = "SOURCE_ROOT";
		};
		FC92652D9418A938221546FA = {
			isa = PBXFileReference;
			lastKnownFileType = file;
			name = "juce_audio_basics";
			path = "../../../../SourceSampler/3rdParty/JUCE/modules/juce_audio_basics";
			sourceTree = "SOURCE_ROOT";
		};
		FDDD5955051A94990E1B285F = {
			isa = PBXFileReference;
			lastKnownFileType = file;
			name = "juce_audio_processors";
			path = "../../../../SourceSampler/3rdParty/JUCE/modules/juce_audio_processors";
			sourceTree = "SOURCE_ROOT";
		};
		FFF82694E06216AABB6E4F32 = {
			isa = PBXFileReference;
			lastKnownFileType = wrapper.framework;
			name = IOKit.framework;
			path = System/Library/Frameworks/IOKit.framework;
			sourceTree = SDKROOT;
		};
		E7026861811ACC8BCB918E4D = {
			isa = PBXGroup;
			children = (
				5C69E1027CEF62168FBF61ED,
				F374181C0CB15D44987C364F,
				27874586040F47A95976EDA8,
				5DFCDC0FED970E8653DCC392,
				5260A108A5BC3C794EC9FF23,
				972C8CE46AB30DF915C26C59,
				2585EEEAA45037E326E1788D,
				7F38A2BD469AC5702F56F403,
			);
			name = Source;
			sourceTree = "<group>";
		};
		081CDB98C509719871F3A515 = {
			isa = PBXGroup;
			children = (
				E7026861811ACC8BCB918E4D,
			);
			name = RitaAndAuroraMetronome;
			sourceTree = "<group>";
		};
		BD4DD10A1289814847AABD83 = {
			isa = PBXGroup;
			children = (
				FC92652D9418A938221546FA,
				1B1C4CE2F5F7CBB899959CA2,
				E73A0E3DC1DA3A04849DEC78,
				0B42AB8AE4E58FAF4AE22D93,
				FDDD5955051A94990E1B285F,
				76BBEE4C142D0666D5D871AA,
				AA1B88B2B0BA9C205D63AD6D,
				86A21848DDC1F61525302806,
				C0450081A387F96F0AAD8830,
				E44F091DC26776F39AEA074E,
				13187E3D054744D48420B91B,
				A8CADD3DC8F529E4481418AA,
			);
			name = "JUCE Modules";
			sourceTree = "<group>";
		};
		D32874245F911B5C9D9107E7 = {
			isa = PBXGroup;
			children = (
				9E27759898D0E58DC6ED4945,
				2080167029397B4FCAB0776E,
				F7626BFFD73FB0F674277416,
				BCE897390AD2B06E57A5B166,
				EFEE6D0A11D22B5093B6BE2C,
				C1831337B0ADCF5D81A583ED,
				EF58F68389EDD84E689705A8,
				D1E852B3BCF594E8CDCBDFEA,
				8B6A378C14E0C1B85367C54F,
				D0F3D900A82E0F362EE743FE,
				F137255324E9DF73E70460AB,
				CC008B9AA7118C10267CA5FF,
				F9E2E6346AA6ABA6A7F86705,
				54F08DAAB2B8BEEEC96FA114,
				2D9E18C322E0258886814BF8,
				2DBEB33589DC759EC26DF5FD,
				1F76D64A69C792034922FD32,
				78A23C0320C6CE43A9686746,
				75C6051E1434A2C6B46476DE,
			);
			name = "JUCE Library Code";
			sourceTree = "<group>";
		};
		1D7031709177ABCE9B6E5BAA = {
			isa = PBXGroup;
			children = (
				600288B921C13C02CEFB5C65,
				AF2C2CC3CB0F68A1BF8457A2,
				AE1FF51F6188E43E854A56B0,
			);
			name = Resources;
			sourceTree = "<group>";
		};
		59C0F9F99BEB4296AE940ACF = {
			isa = PBXGroup;
			children = (
				8FCD67E7C8A3B9A1C450F4CA,
				805E9377A9B56AA854B77ECD,
				C9CDBCE915306F415AA98F98,
				8FAC07241F434C12DB1CA062,
				0CC4FAFF77CCC1669BB74767,
				84FA8DA7C82F3713C46D7A36,
				3D42F6A707F8B090A46C7948,
				7082C025BA1186A9FA9ADD8F,
				8E0431BF79DD7AA97CC8308D,
				FFF82694E06216AABB6E4F32,
				B077B1CAA7C0160C258D7948,
				71B38F426C9F28FAFBBDCB16,
			);
			name = Frameworks;
			sourceTree = "<group>";
		};
		269D465F614D1DA122877B2E = {
			isa = PBXGroup;
			children = (
				8AFB42F3C83327F1CCCC6C48,
				08D4BF5E77A8537E2BB6B25F,
				0A2102F76840B46BE1576D59,
			);
			name = Products;
			sourceTree = "<group>";
		};
		EEDDABB41C0F8359A7014B88 = {
			isa = PBXGroup;
			children = (
				081CDB98C509719871F3A515,
				BD4DD10A1289814847AABD83,
				D32874245F911B5C9D9107E7,
				1D7031709177ABCE9B6E5BAA,
				59C0F9F99BEB4296AE940ACF,
				269D465F614D1DA122877B2E,
			);
			name = Source;
			sourceTree = "<group>";
		};
		DF1283E833715AA5667170A3 = {
			isa = PBXTargetDependency;
			target = B23A93B5E2053F7CDB085549;
		};
		DC8BB6F72941D7216ED6FAAD = {
			isa = PBXTargetDependency;
			target = 80F756F24D755FE956E4DC7C;
		};
		D4F3A1E9E2ACD2A4D642BC27 = {
			isa = PBXTargetDependency;
			target = 298E10F9B2901A2AF56A5E71;
		};
		49F6292C12967C41C84A58DB = {
			isa = PBXTargetDependency;
			target = 298E10F9B2901A2AF56A5E71;
		};
		844A8CA688C91B2EE7DF2C7D = {
			isa = PBXTargetDependency;
			target = 298E10F9B2901A2AF56A5E71;
		};
		16BCF115F0CE9424005EC5D7 = {
			isa = XCBuildConfiguration;
			buildSettings = {
				MACOSX_DEPLOYMENT_TARGET = 10.11;
				SDKROOT = macosx;
			};
			name = Debug;
		};
		E2098E527B36E8C7F70AC348 = {
			isa = XCBuildConfiguration;
			buildSettings = {
				MACOSX_DEPLOYMENT_TARGET = 10.11;
				SDKROOT = macosx;
			};
			name = Release;
		};
		9C97F15177AE72C1DF5EE38A = {
			isa = XCBuildConfiguration;
			buildSettings = {
				CLANG_CXX_LANGUAGE_STANDARD = "c++14";
				CLANG_CXX_LIBRARY = "libc++";
				CLANG_LINK_OBJC_RUNTIME = NO;
				CODE_SIGN_IDENTITY = "";
				COMBINE_HIDPI_IMAGES = YES;
				CONFIGURATION_BUILD_DIR = "$(PROJECT_DIR)/build/$(CONFIGURATION)";
				COPY_PHASE_STRIP = NO;
				DEPLOYMENT_LOCATION = YES;
				DSTROOT = /;
				GCC_DYNAMIC_NO_PIC = NO;
				GCC_OPTIMIZATION_LEVEL = 0;
				GCC_PREPROCESSOR_DEFINITIONS = (
					"_DEBUG=1",
					"DEBUG=1",
					"JUCE_DISPLAY_SPLASH_SCREEN=0",
					"JUCE_USE_DARK_SPLASH_SCREEN=1",
					"JUCE_PROJUCER_VERSION=0x60005",
					"JUCE_MODULE_AVAILABLE_juce_audio_basics=1",
					"JUCE_MODULE_AVAILABLE_juce_audio_devices=1",
					"JUCE_MODULE_AVAILABLE_juce_audio_formats=1",
					"JUCE_MODULE_AVAILABLE_juce_audio_plugin_client=1",
					"JUCE_MODULE_AVAILABLE_juce_audio_processors=1",
					"JUCE_MODULE_AVAILABLE_juce_audio_utils=1",
					"JUCE_MODULE_AVAILABLE_juce_core=1",
					"JUCE_MODULE_AVAILABLE_juce_data_structures=1",
					"JUCE_MODULE_AVAILABLE_juce_events=1",
					"JUCE_MODULE_AVAILABLE_juce_graphics=1",
					"JUCE_MODULE_AVAILABLE_juce_gui_basics=1",
					"JUCE_MODULE_AVAILABLE_juce_gui_extra=1",
					"JUCE_GLOBAL_MODULE_SETTINGS_INCLUDED=1",
					"JUCE_VST3_CAN_REPLACE_VST2=0",
					"JUCE_STRICT_REFCOUNTEDPOINTER=1",
					"JUCE_WEB_BROWSER=0",
					"JucePlugin_Build_VST=1",
					"JucePlugin_Build_VST3=0",
					"JucePlugin_Build_AU=0",
					"JucePlugin_Build_AUv3=0",
					"JucePlugin_Build_RTAS=0",
					"JucePlugin_Build_AAX=0",
					"JucePlugin_Build_Standalone=0",
					"JucePlugin_Build_Unity=0",
					"JucePlugin_Enable_IAA=0",
					"JucePlugin_Name=\\\"RitaAndAuroraMetronome\\\"",
					"JucePlugin_Desc=\\\"RitaAndAuroraMetronome\\\"",
					"JucePlugin_Manufacturer=\\\"yourcompany\\\"",
					"JucePlugin_ManufacturerWebsite=\\\"\\\"",
					"JucePlugin_ManufacturerEmail=\\\"\\\"",
					"JucePlugin_ManufacturerCode=0x4d616e75",
					"JucePlugin_PluginCode=0x58677231",
					"JucePlugin_IsSynth=1",
					"JucePlugin_WantsMidiInput=1",
					"JucePlugin_ProducesMidiOutput=0",
					"JucePlugin_IsMidiEffect=0",
					"JucePlugin_EditorRequiresKeyboardFocus=0",
					"JucePlugin_Version=1.0.0",
					"JucePlugin_VersionCode=0x10000",
					"JucePlugin_VersionString=\\\"1.0.0\\\"",
					"JucePlugin_VSTUniqueID=JucePlugin_PluginCode",
					"JucePlugin_VSTCategory=kPlugCategSynth",
					"JucePlugin_Vst3Category=\\\"Instrument|Synth\\\"",
					"JucePlugin_AUMainType='aumu'",
					"JucePlugin_AUSubType=JucePlugin_PluginCode",
					"JucePlugin_AUExportPrefix=RitaAndAuroraMetronomeAU",
					"JucePlugin_AUExportPrefixQuoted=\\\"RitaAndAuroraMetronomeAU\\\"",
					"JucePlugin_AUManufacturerCode=JucePlugin_ManufacturerCode",
					"JucePlugin_CFBundleIdentifier=com.yourcompany.RitaAndAuroraMetronome",
					"JucePlugin_RTASCategory=2048",
					"JucePlugin_RTASManufacturerCode=JucePlugin_ManufacturerCode",
					"JucePlugin_RTASProductId=JucePlugin_PluginCode",
					"JucePlugin_RTASDisableBypass=0",
					"JucePlugin_RTASDisableMultiMono=0",
					"JucePlugin_AAXIdentifier=com.yourcompany.RitaAndAuroraMetronome",
					"JucePlugin_AAXManufacturerCode=JucePlugin_ManufacturerCode",
					"JucePlugin_AAXProductId=JucePlugin_PluginCode",
					"JucePlugin_AAXCategory=2048",
					"JucePlugin_AAXDisableBypass=0",
					"JucePlugin_AAXDisableMultiMono=0",
					"JucePlugin_IAAType=0x61757269",
					"JucePlugin_IAASubType=JucePlugin_PluginCode",
					"JucePlugin_IAAName=\\\"yourcompany:\\ RitaAndAuroraMetronome\\\"",
					"JucePlugin_VSTNumMidiInputs=16",
					"JucePlugin_VSTNumMidiOutputs=16",
					"JUCE_STANDALONE_APPLICATION=JucePlugin_Build_Standalone",
					"JUCER_XCODE_MAC_F6D2F4CF=1",
					"JUCE_APP_VERSION=1.0.0",
					"JUCE_APP_VERSION_HEX=0x10000",
				);
				GCC_VERSION = com.apple.compilers.llvm.clang.1_0;
				GENERATE_PKGINFO_FILE = YES;
				HEADER_SEARCH_PATHS = (
					"../../../../SourceSampler/3rdParty/JUCE/modules/juce_audio_processors/format_types/VST3_SDK",
					"../../JuceLibraryCode",
					"../../../../SourceSampler/3rdParty/JUCE/modules",
					"../../../../SourceSampler/3rdParty/JUCE/modules/juce_audio_plugin_client",
					"$(inherited)",
				);
				INFOPLIST_FILE = Info-VST.plist;
				INFOPLIST_PREPROCESS = NO;
				INSTALL_PATH = "$(HOME)/Library/Audio/Plug-Ins/VST/";
				LIBRARY_STYLE = Bundle;
				MACOSX_DEPLOYMENT_TARGET = 10.11;
				MTL_HEADER_SEARCH_PATHS = (
					"../../../../SourceSampler/3rdParty/JUCE/modules/juce_audio_processors/format_types/VST3_SDK",
					"../../JuceLibraryCode",
					"../../../../SourceSampler/3rdParty/JUCE/modules",
					"../../../../SourceSampler/3rdParty/JUCE/modules/juce_audio_plugin_client",
				);
				OTHER_LDFLAGS = "-bundle -lRitaAndAuroraMetronome";
				PRODUCT_BUNDLE_IDENTIFIER = com.yourcompany.RitaAndAuroraMetronome;
				PRODUCT_NAME = "RitaAndAuroraMetronome";
				USE_HEADERMAP = NO;
				VALID_ARCHS = "i386 x86_64 arm64 arm64e";
				WRAPPER_EXTENSION = vst;
			};
			name = Debug;
		};
		65AF0FDDAE78D7916471EF14 = {
			isa = XCBuildConfiguration;
			buildSettings = {
				CLANG_CXX_LANGUAGE_STANDARD = "c++14";
				CLANG_CXX_LIBRARY = "libc++";
				CLANG_LINK_OBJC_RUNTIME = NO;
				CODE_SIGN_IDENTITY = "";
				COMBINE_HIDPI_IMAGES = YES;
				CONFIGURATION_BUILD_DIR = "$(PROJECT_DIR)/build/$(CONFIGURATION)";
				DEAD_CODE_STRIPPING = YES;
				DEPLOYMENT_LOCATION = YES;
				DSTROOT = /;
				GCC_GENERATE_DEBUGGING_SYMBOLS = NO;
				GCC_OPTIMIZATION_LEVEL = 3;
				GCC_PREPROCESSOR_DEFINITIONS = (
					"_NDEBUG=1",
					"NDEBUG=1",
					"JUCE_DISPLAY_SPLASH_SCREEN=0",
					"JUCE_USE_DARK_SPLASH_SCREEN=1",
					"JUCE_PROJUCER_VERSION=0x60005",
					"JUCE_MODULE_AVAILABLE_juce_audio_basics=1",
					"JUCE_MODULE_AVAILABLE_juce_audio_devices=1",
					"JUCE_MODULE_AVAILABLE_juce_audio_formats=1",
					"JUCE_MODULE_AVAILABLE_juce_audio_plugin_client=1",
					"JUCE_MODULE_AVAILABLE_juce_audio_processors=1",
					"JUCE_MODULE_AVAILABLE_juce_audio_utils=1",
					"JUCE_MODULE_AVAILABLE_juce_core=1",
					"JUCE_MODULE_AVAILABLE_juce_data_structures=1",
					"JUCE_MODULE_AVAILABLE_juce_events=1",
					"JUCE_MODULE_AVAILABLE_juce_graphics=1",
					"JUCE_MODULE_AVAILABLE_juce_gui_basics=1",
					"JUCE_MODULE_AVAILABLE_juce_gui_extra=1",
					"JUCE_GLOBAL_MODULE_SETTINGS_INCLUDED=1",
					"JUCE_VST3_CAN_REPLACE_VST2=0",
					"JUCE_STRICT_REFCOUNTEDPOINTER=1",
					"JUCE_WEB_BROWSER=0",
					"JucePlugin_Build_VST=1",
					"JucePlugin_Build_VST3=0",
					"JucePlugin_Build_AU=0",
					"JucePlugin_Build_AUv3=0",
					"JucePlugin_Build_RTAS=0",
					"JucePlugin_Build_AAX=0",
					"JucePlugin_Build_Standalone=0",
					"JucePlugin_Build_Unity=0",
					"JucePlugin_Enable_IAA=0",
					"JucePlugin_Name=\\\"RitaAndAuroraMetronome\\\"",
					"JucePlugin_Desc=\\\"RitaAndAuroraMetronome\\\"",
					"JucePlugin_Manufacturer=\\\"yourcompany\\\"",
					"JucePlugin_ManufacturerWebsite=\\\"\\\"",
					"JucePlugin_ManufacturerEmail=\\\"\\\"",
					"JucePlugin_ManufacturerCode=0x4d616e75",
					"JucePlugin_PluginCode=0x58677231",
					"JucePlugin_IsSynth=1",
					"JucePlugin_WantsMidiInput=1",
					"JucePlugin_ProducesMidiOutput=0",
					"JucePlugin_IsMidiEffect=0",
					"JucePlugin_EditorRequiresKeyboardFocus=0",
					"JucePlugin_Version=1.0.0",
					"JucePlugin_VersionCode=0x10000",
					"JucePlugin_VersionString=\\\"1.0.0\\\"",
					"JucePlugin_VSTUniqueID=JucePlugin_PluginCode",
					"JucePlugin_VSTCategory=kPlugCategSynth",
					"JucePlugin_Vst3Category=\\\"Instrument|Synth\\\"",
					"JucePlugin_AUMainType='aumu'",
					"JucePlugin_AUSubType=JucePlugin_PluginCode",
					"JucePlugin_AUExportPrefix=RitaAndAuroraMetronomeAU",
					"JucePlugin_AUExportPrefixQuoted=\\\"RitaAndAuroraMetronomeAU\\\"",
					"JucePlugin_AUManufacturerCode=JucePlugin_ManufacturerCode",
					"JucePlugin_CFBundleIdentifier=com.yourcompany.RitaAndAuroraMetronome",
					"JucePlugin_RTASCategory=2048",
					"JucePlugin_RTASManufacturerCode=JucePlugin_ManufacturerCode",
					"JucePlugin_RTASProductId=JucePlugin_PluginCode",
					"JucePlugin_RTASDisableBypass=0",
					"JucePlugin_RTASDisableMultiMono=0",
					"JucePlugin_AAXIdentifier=com.yourcompany.RitaAndAuroraMetronome",
					"JucePlugin_AAXManufacturerCode=JucePlugin_ManufacturerCode",
					"JucePlugin_AAXProductId=JucePlugin_PluginCode",
					"JucePlugin_AAXCategory=2048",
					"JucePlugin_AAXDisableBypass=0",
					"JucePlugin_AAXDisableMultiMono=0",
					"JucePlugin_IAAType=0x61757269",
					"JucePlugin_IAASubType=JucePlugin_PluginCode",
					"JucePlugin_IAAName=\\\"yourcompany:\\ RitaAndAuroraMetronome\\\"",
					"JucePlugin_VSTNumMidiInputs=16",
					"JucePlugin_VSTNumMidiOutputs=16",
					"JUCE_STANDALONE_APPLICATION=JucePlugin_Build_Standalone",
					"JUCER_XCODE_MAC_F6D2F4CF=1",
					"JUCE_APP_VERSION=1.0.0",
					"JUCE_APP_VERSION_HEX=0x10000",
				);
				GCC_VERSION = com.apple.compilers.llvm.clang.1_0;
				GENERATE_PKGINFO_FILE = YES;
				HEADER_SEARCH_PATHS = (
					"../../../../SourceSampler/3rdParty/JUCE/modules/juce_audio_processors/format_types/VST3_SDK",
					"../../JuceLibraryCode",
					"../../../../SourceSampler/3rdParty/JUCE/modules",
					"../../../../SourceSampler/3rdParty/JUCE/modules/juce_audio_plugin_client",
					"$(inherited)",
				);
				INFOPLIST_FILE = Info-VST.plist;
				INFOPLIST_PREPROCESS = NO;
				INSTALL_PATH = "$(HOME)/Library/Audio/Plug-Ins/VST/";
				LIBRARY_STYLE = Bundle;
				LLVM_LTO = YES;
				MACOSX_DEPLOYMENT_TARGET = 10.11;
				MTL_HEADER_SEARCH_PATHS = (
					"../../../../SourceSampler/3rdParty/JUCE/modules/juce_audio_processors/format_types/VST3_SDK",
					"../../JuceLibraryCode",
					"../../../../SourceSampler/3rdParty/JUCE/modules",
					"../../../../SourceSampler/3rdParty/JUCE/modules/juce_audio_plugin_client",
				);
				OTHER_LDFLAGS = "-bundle -lRitaAndAuroraMetronome";
				PRODUCT_BUNDLE_IDENTIFIER = com.yourcompany.RitaAndAuroraMetronome;
				PRODUCT_NAME = "RitaAndAuroraMetronome";
				USE_HEADERMAP = NO;
				VALID_ARCHS = "i386 x86_64 arm64 arm64e";
				WRAPPER_EXTENSION = vst;
			};
			name = Release;
		};
		51B0DB8463C079AE9EC43133 = {
			isa = XCBuildConfiguration;
			buildSettings = {
				CLANG_CXX_LANGUAGE_STANDARD = "c++14";
				CLANG_CXX_LIBRARY = "libc++";
				CLANG_LINK_OBJC_RUNTIME = NO;
				CODE_SIGN_IDENTITY = "";
				COMBINE_HIDPI_IMAGES = YES;
				CONFIGURATION_BUILD_DIR = "$(PROJECT_DIR)/build/$(CONFIGURATION)";
				COPY_PHASE_STRIP = NO;
				GCC_DYNAMIC_NO_PIC = NO;
				GCC_OPTIMIZATION_LEVEL = 0;
				GCC_PREPROCESSOR_DEFINITIONS = (
					"_DEBUG=1",
					"DEBUG=1",
					"JUCE_DISPLAY_SPLASH_SCREEN=0",
					"JUCE_USE_DARK_SPLASH_SCREEN=1",
					"JUCE_PROJUCER_VERSION=0x60005",
					"JUCE_MODULE_AVAILABLE_juce_audio_basics=1",
					"JUCE_MODULE_AVAILABLE_juce_audio_devices=1",
					"JUCE_MODULE_AVAILABLE_juce_audio_formats=1",
					"JUCE_MODULE_AVAILABLE_juce_audio_plugin_client=1",
					"JUCE_MODULE_AVAILABLE_juce_audio_processors=1",
					"JUCE_MODULE_AVAILABLE_juce_audio_utils=1",
					"JUCE_MODULE_AVAILABLE_juce_core=1",
					"JUCE_MODULE_AVAILABLE_juce_data_structures=1",
					"JUCE_MODULE_AVAILABLE_juce_events=1",
					"JUCE_MODULE_AVAILABLE_juce_graphics=1",
					"JUCE_MODULE_AVAILABLE_juce_gui_basics=1",
					"JUCE_MODULE_AVAILABLE_juce_gui_extra=1",
					"JUCE_GLOBAL_MODULE_SETTINGS_INCLUDED=1",
					"JUCE_VST3_CAN_REPLACE_VST2=0",
					"JUCE_STRICT_REFCOUNTEDPOINTER=1",
					"JUCE_WEB_BROWSER=0",
					"JucePlugin_Build_VST=0",
					"JucePlugin_Build_VST3=0",
					"JucePlugin_Build_AU=0",
					"JucePlugin_Build_AUv3=0",
					"JucePlugin_Build_RTAS=0",
					"JucePlugin_Build_AAX=0",
					"JucePlugin_Build_Standalone=1",
					"JucePlugin_Build_Unity=0",
					"JucePlugin_Enable_IAA=0",
					"JucePlugin_Name=\\\"RitaAndAuroraMetronome\\\"",
					"JucePlugin_Desc=\\\"RitaAndAuroraMetronome\\\"",
					"JucePlugin_Manufacturer=\\\"yourcompany\\\"",
					"JucePlugin_ManufacturerWebsite=\\\"\\\"",
					"JucePlugin_ManufacturerEmail=\\\"\\\"",
					"JucePlugin_ManufacturerCode=0x4d616e75",
					"JucePlugin_PluginCode=0x58677231",
					"JucePlugin_IsSynth=1",
					"JucePlugin_WantsMidiInput=1",
					"JucePlugin_ProducesMidiOutput=0",
					"JucePlugin_IsMidiEffect=0",
					"JucePlugin_EditorRequiresKeyboardFocus=0",
					"JucePlugin_Version=1.0.0",
					"JucePlugin_VersionCode=0x10000",
					"JucePlugin_VersionString=\\\"1.0.0\\\"",
					"JucePlugin_VSTUniqueID=JucePlugin_PluginCode",
					"JucePlugin_VSTCategory=kPlugCategSynth",
					"JucePlugin_Vst3Category=\\\"Instrument|Synth\\\"",
					"JucePlugin_AUMainType='aumu'",
					"JucePlugin_AUSubType=JucePlugin_PluginCode",
					"JucePlugin_AUExportPrefix=RitaAndAuroraMetronomeAU",
					"JucePlugin_AUExportPrefixQuoted=\\\"RitaAndAuroraMetronomeAU\\\"",
					"JucePlugin_AUManufacturerCode=JucePlugin_ManufacturerCode",
					"JucePlugin_CFBundleIdentifier=com.yourcompany.RitaAndAuroraMetronome",
					"JucePlugin_RTASCategory=2048",
					"JucePlugin_RTASManufacturerCode=JucePlugin_ManufacturerCode",
					"JucePlugin_RTASProductId=JucePlugin_PluginCode",
					"JucePlugin_RTASDisableBypass=0",
					"JucePlugin_RTASDisableMultiMono=0",
					"JucePlugin_AAXIdentifier=com.yourcompany.RitaAndAuroraMetronome",
					"JucePlugin_AAXManufacturerCode=JucePlugin_ManufacturerCode",
					"JucePlugin_AAXProductId=JucePlugin_PluginCode",
					"JucePlugin_AAXCategory=2048",
					"JucePlugin_AAXDisableBypass=0",
					"JucePlugin_AAXDisableMultiMono=0",
					"JucePlugin_IAAType=0x61757269",
					"JucePlugin_IAASubType=JucePlugin_PluginCode",
					"JucePlugin_IAAName=\\\"yourcompany:\\ RitaAndAuroraMetronome\\\"",
					"JucePlugin_VSTNumMidiInputs=16",
					"JucePlugin_VSTNumMidiOutputs=16",
					"JUCE_STANDALONE_APPLICATION=JucePlugin_Build_Standalone",
					"JUCER_XCODE_MAC_F6D2F4CF=1",
					"JUCE_APP_VERSION=1.0.0",
					"JUCE_APP_VERSION_HEX=0x10000",
				);
				GCC_VERSION = com.apple.compilers.llvm.clang.1_0;
				HEADER_SEARCH_PATHS = (
					"../../../../SourceSampler/3rdParty/JUCE/modules/juce_audio_processors/format_types/VST3_SDK",
					"../../JuceLibraryCode",
					"../../../../SourceSampler/3rdParty/JUCE/modules",
					"../../../../SourceSampler/3rdParty/JUCE/modules/juce_audio_plugin_client",
					"$(inherited)",
				);
				INFOPLIST_FILE = Info-Standalone_Plugin.plist;
				INFOPLIST_PREPROCESS = NO;
				MACOSX_DEPLOYMENT_TARGET = 10.11;
				MTL_HEADER_SEARCH_PATHS = (
					"../../../../SourceSampler/3rdParty/JUCE/modules/juce_audio_processors/format_types/VST3_SDK",
					"../../JuceLibraryCode",
					"../../../../SourceSampler/3rdParty/JUCE/modules",
					"../../../../SourceSampler/3rdParty/JUCE/modules/juce_audio_plugin_client",
				);
				OTHER_LDFLAGS = "-lRitaAndAuroraMetronome";
				PRODUCT_BUNDLE_IDENTIFIER = com.yourcompany.RitaAndAuroraMetronome;
				PRODUCT_NAME = "RitaAndAuroraMetronome";
				USE_HEADERMAP = NO;
				VALID_ARCHS = "i386 x86_64 arm64 arm64e";
			};
			name = Debug;
		};
		7F314655B6E306CE75F84673 = {
			isa = XCBuildConfiguration;
			buildSettings = {
				CLANG_CXX_LANGUAGE_STANDARD = "c++14";
				CLANG_CXX_LIBRARY = "libc++";
				CLANG_LINK_OBJC_RUNTIME = NO;
				CODE_SIGN_IDENTITY = "";
				COMBINE_HIDPI_IMAGES = YES;
				CONFIGURATION_BUILD_DIR = "$(PROJECT_DIR)/build/$(CONFIGURATION)";
				DEAD_CODE_STRIPPING = YES;
				GCC_GENERATE_DEBUGGING_SYMBOLS = NO;
				GCC_OPTIMIZATION_LEVEL = 3;
				GCC_PREPROCESSOR_DEFINITIONS = (
					"_NDEBUG=1",
					"NDEBUG=1",
					"JUCE_DISPLAY_SPLASH_SCREEN=0",
					"JUCE_USE_DARK_SPLASH_SCREEN=1",
					"JUCE_PROJUCER_VERSION=0x60005",
					"JUCE_MODULE_AVAILABLE_juce_audio_basics=1",
					"JUCE_MODULE_AVAILABLE_juce_audio_devices=1",
					"JUCE_MODULE_AVAILABLE_juce_audio_formats=1",
					"JUCE_MODULE_AVAILABLE_juce_audio_plugin_client=1",
					"JUCE_MODULE_AVAILABLE_juce_audio_processors=1",
					"JUCE_MODULE_AVAILABLE_juce_audio_utils=1",
					"JUCE_MODULE_AVAILABLE_juce_core=1",
					"JUCE_MODULE_AVAILABLE_juce_data_structures=1",
					"JUCE_MODULE_AVAILABLE_juce_events=1",
					"JUCE_MODULE_AVAILABLE_juce_graphics=1",
					"JUCE_MODULE_AVAILABLE_juce_gui_basics=1",
					"JUCE_MODULE_AVAILABLE_juce_gui_extra=1",
					"JUCE_GLOBAL_MODULE_SETTINGS_INCLUDED=1",
					"JUCE_VST3_CAN_REPLACE_VST2=0",
					"JUCE_STRICT_REFCOUNTEDPOINTER=1",
					"JUCE_WEB_BROWSER=0",
					"JucePlugin_Build_VST=0",
					"JucePlugin_Build_VST3=0",
					"JucePlugin_Build_AU=0",
					"JucePlugin_Build_AUv3=0",
					"JucePlugin_Build_RTAS=0",
					"JucePlugin_Build_AAX=0",
					"JucePlugin_Build_Standalone=1",
					"JucePlugin_Build_Unity=0",
					"JucePlugin_Enable_IAA=0",
					"JucePlugin_Name=\\\"RitaAndAuroraMetronome\\\"",
					"JucePlugin_Desc=\\\"RitaAndAuroraMetronome\\\"",
					"JucePlugin_Manufacturer=\\\"yourcompany\\\"",
					"JucePlugin_ManufacturerWebsite=\\\"\\\"",
					"JucePlugin_ManufacturerEmail=\\\"\\\"",
					"JucePlugin_ManufacturerCode=0x4d616e75",
					"JucePlugin_PluginCode=0x58677231",
					"JucePlugin_IsSynth=1",
					"JucePlugin_WantsMidiInput=1",
					"JucePlugin_ProducesMidiOutput=0",
					"JucePlugin_IsMidiEffect=0",
					"JucePlugin_EditorRequiresKeyboardFocus=0",
					"JucePlugin_Version=1.0.0",
					"JucePlugin_VersionCode=0x10000",
					"JucePlugin_VersionString=\\\"1.0.0\\\"",
					"JucePlugin_VSTUniqueID=JucePlugin_PluginCode",
					"JucePlugin_VSTCategory=kPlugCategSynth",
					"JucePlugin_Vst3Category=\\\"Instrument|Synth\\\"",
					"JucePlugin_AUMainType='aumu'",
					"JucePlugin_AUSubType=JucePlugin_PluginCode",
					"JucePlugin_AUExportPrefix=RitaAndAuroraMetronomeAU",
					"JucePlugin_AUExportPrefixQuoted=\\\"RitaAndAuroraMetronomeAU\\\"",
					"JucePlugin_AUManufacturerCode=JucePlugin_ManufacturerCode",
					"JucePlugin_CFBundleIdentifier=com.yourcompany.RitaAndAuroraMetronome",
					"JucePlugin_RTASCategory=2048",
					"JucePlugin_RTASManufacturerCode=JucePlugin_ManufacturerCode",
					"JucePlugin_RTASProductId=JucePlugin_PluginCode",
					"JucePlugin_RTASDisableBypass=0",
					"JucePlugin_RTASDisableMultiMono=0",
					"JucePlugin_AAXIdentifier=com.yourcompany.RitaAndAuroraMetronome",
					"JucePlugin_AAXManufacturerCode=JucePlugin_ManufacturerCode",
					"JucePlugin_AAXProductId=JucePlugin_PluginCode",
					"JucePlugin_AAXCategory=2048",
					"JucePlugin_AAXDisableBypass=0",
					"JucePlugin_AAXDisableMultiMono=0",
					"JucePlugin_IAAType=0x61757269",
					"JucePlugin_IAASubType=JucePlugin_PluginCode",
					"JucePlugin_IAAName=\\\"yourcompany:\\ RitaAndAuroraMetronome\\\"",
					"JucePlugin_VSTNumMidiInputs=16",
					"JucePlugin_VSTNumMidiOutputs=16",
					"JUCE_STANDALONE_APPLICATION=JucePlugin_Build_Standalone",
					"JUCER_XCODE_MAC_F6D2F4CF=1",
					"JUCE_APP_VERSION=1.0.0",
					"JUCE_APP_VERSION_HEX=0x10000",
				);
				GCC_VERSION = com.apple.compilers.llvm.clang.1_0;
				HEADER_SEARCH_PATHS = (
					"../../../../SourceSampler/3rdParty/JUCE/modules/juce_audio_processors/format_types/VST3_SDK",
					"../../JuceLibraryCode",
					"../../../../SourceSampler/3rdParty/JUCE/modules",
					"../../../../SourceSampler/3rdParty/JUCE/modules/juce_audio_plugin_client",
					"$(inherited)",
				);
				INFOPLIST_FILE = Info-Standalone_Plugin.plist;
				INFOPLIST_PREPROCESS = NO;
				LLVM_LTO = YES;
				MACOSX_DEPLOYMENT_TARGET = 10.11;
				MTL_HEADER_SEARCH_PATHS = (
					"../../../../SourceSampler/3rdParty/JUCE/modules/juce_audio_processors/format_types/VST3_SDK",
					"../../JuceLibraryCode",
					"../../../../SourceSampler/3rdParty/JUCE/modules",
					"../../../../SourceSampler/3rdParty/JUCE/modules/juce_audio_plugin_client",
				);
				OTHER_LDFLAGS = "-lRitaAndAuroraMetronome";
				PRODUCT_BUNDLE_IDENTIFIER = com.yourcompany.RitaAndAuroraMetronome;
				PRODUCT_NAME = "RitaAndAuroraMetronome";
				USE_HEADERMAP = NO;
				VALID_ARCHS = "i386 x86_64 arm64 arm64e";
			};
			name = Release;
		};
		A174DB3CD28CE01D0085B84D = {
			isa = XCBuildConfiguration;
			buildSettings = {
				CLANG_CXX_LANGUAGE_STANDARD = "c++14";
				CLANG_CXX_LIBRARY = "libc++";
				CLANG_LINK_OBJC_RUNTIME = NO;
				CODE_SIGN_IDENTITY = "";
				COMBINE_HIDPI_IMAGES = YES;
				CONFIGURATION_BUILD_DIR = "$(PROJECT_DIR)/build/$(CONFIGURATION)";
				COPY_PHASE_STRIP = NO;
				GCC_DYNAMIC_NO_PIC = NO;
				GCC_OPTIMIZATION_LEVEL = 0;
				GCC_PREPROCESSOR_DEFINITIONS = (
					"_DEBUG=1",
					"DEBUG=1",
					"JUCE_DISPLAY_SPLASH_SCREEN=0",
					"JUCE_USE_DARK_SPLASH_SCREEN=1",
					"JUCE_PROJUCER_VERSION=0x60005",
					"JUCE_MODULE_AVAILABLE_juce_audio_basics=1",
					"JUCE_MODULE_AVAILABLE_juce_audio_devices=1",
					"JUCE_MODULE_AVAILABLE_juce_audio_formats=1",
					"JUCE_MODULE_AVAILABLE_juce_audio_plugin_client=1",
					"JUCE_MODULE_AVAILABLE_juce_audio_processors=1",
					"JUCE_MODULE_AVAILABLE_juce_audio_utils=1",
					"JUCE_MODULE_AVAILABLE_juce_core=1",
					"JUCE_MODULE_AVAILABLE_juce_data_structures=1",
					"JUCE_MODULE_AVAILABLE_juce_events=1",
					"JUCE_MODULE_AVAILABLE_juce_graphics=1",
					"JUCE_MODULE_AVAILABLE_juce_gui_basics=1",
					"JUCE_MODULE_AVAILABLE_juce_gui_extra=1",
					"JUCE_GLOBAL_MODULE_SETTINGS_INCLUDED=1",
					"JUCE_VST3_CAN_REPLACE_VST2=0",
					"JUCE_STRICT_REFCOUNTEDPOINTER=1",
					"JUCE_WEB_BROWSER=0",
					"JucePlugin_Build_VST=1",
					"JucePlugin_Build_VST3=0",
					"JucePlugin_Build_AU=0",
					"JucePlugin_Build_AUv3=0",
					"JucePlugin_Build_RTAS=0",
					"JucePlugin_Build_AAX=0",
					"JucePlugin_Build_Standalone=1",
					"JucePlugin_Build_Unity=0",
					"JucePlugin_Enable_IAA=0",
					"JucePlugin_Name=\\\"RitaAndAuroraMetronome\\\"",
					"JucePlugin_Desc=\\\"RitaAndAuroraMetronome\\\"",
					"JucePlugin_Manufacturer=\\\"yourcompany\\\"",
					"JucePlugin_ManufacturerWebsite=\\\"\\\"",
					"JucePlugin_ManufacturerEmail=\\\"\\\"",
					"JucePlugin_ManufacturerCode=0x4d616e75",
					"JucePlugin_PluginCode=0x58677231",
					"JucePlugin_IsSynth=1",
					"JucePlugin_WantsMidiInput=1",
					"JucePlugin_ProducesMidiOutput=0",
					"JucePlugin_IsMidiEffect=0",
					"JucePlugin_EditorRequiresKeyboardFocus=0",
					"JucePlugin_Version=1.0.0",
					"JucePlugin_VersionCode=0x10000",
					"JucePlugin_VersionString=\\\"1.0.0\\\"",
					"JucePlugin_VSTUniqueID=JucePlugin_PluginCode",
					"JucePlugin_VSTCategory=kPlugCategSynth",
					"JucePlugin_Vst3Category=\\\"Instrument|Synth\\\"",
					"JucePlugin_AUMainType='aumu'",
					"JucePlugin_AUSubType=JucePlugin_PluginCode",
					"JucePlugin_AUExportPrefix=RitaAndAuroraMetronomeAU",
					"JucePlugin_AUExportPrefixQuoted=\\\"RitaAndAuroraMetronomeAU\\\"",
					"JucePlugin_AUManufacturerCode=JucePlugin_ManufacturerCode",
					"JucePlugin_CFBundleIdentifier=com.yourcompany.RitaAndAuroraMetronome",
					"JucePlugin_RTASCategory=2048",
					"JucePlugin_RTASManufacturerCode=JucePlugin_ManufacturerCode",
					"JucePlugin_RTASProductId=JucePlugin_PluginCode",
					"JucePlugin_RTASDisableBypass=0",
					"JucePlugin_RTASDisableMultiMono=0",
					"JucePlugin_AAXIdentifier=com.yourcompany.RitaAndAuroraMetronome",
					"JucePlugin_AAXManufacturerCode=JucePlugin_ManufacturerCode",
					"JucePlugin_AAXProductId=JucePlugin_PluginCode",
					"JucePlugin_AAXCategory=2048",
					"JucePlugin_AAXDisableBypass=0",
					"JucePlugin_AAXDisableMultiMono=0",
					"JucePlugin_IAAType=0x61757269",
					"JucePlugin_IAASubType=JucePlugin_PluginCode",
					"JucePlugin_IAAName=\\\"yourcompany:\\ RitaAndAuroraMetronome\\\"",
					"JucePlugin_VSTNumMidiInputs=16",
					"JucePlugin_VSTNumMidiOutputs=16",
					"JUCE_STANDALONE_APPLICATION=JucePlugin_Build_Standalone",
					"JUCER_XCODE_MAC_F6D2F4CF=1",
					"JUCE_APP_VERSION=1.0.0",
					"JUCE_APP_VERSION_HEX=0x10000",
					"JUCE_SHARED_CODE=1",
				);
				GCC_VERSION = com.apple.compilers.llvm.clang.1_0;
				HEADER_SEARCH_PATHS = (
					"../../../../SourceSampler/3rdParty/JUCE/modules/juce_audio_processors/format_types/VST3_SDK",
					"../../JuceLibraryCode",
					"../../../../SourceSampler/3rdParty/JUCE/modules",
					"../../../../SourceSampler/3rdParty/JUCE/modules/juce_audio_plugin_client",
					"$(inherited)",
				);
				INSTALL_PATH = "@executable_path/../Frameworks";
				MACOSX_DEPLOYMENT_TARGET = 10.11;
				MTL_HEADER_SEARCH_PATHS = (
					"../../../../SourceSampler/3rdParty/JUCE/modules/juce_audio_processors/format_types/VST3_SDK",
					"../../JuceLibraryCode",
					"../../../../SourceSampler/3rdParty/JUCE/modules",
					"../../../../SourceSampler/3rdParty/JUCE/modules/juce_audio_plugin_client",
				);
				PRODUCT_BUNDLE_IDENTIFIER = com.yourcompany.RitaAndAuroraMetronome;
				PRODUCT_NAME = "RitaAndAuroraMetronome";
				SKIP_INSTALL = YES;
				USE_HEADERMAP = NO;
				VALID_ARCHS = "i386 x86_64 arm64 arm64e";
			};
			name = Debug;
		};
		6C26DE5924FF46595C1EF070 = {
			isa = XCBuildConfiguration;
			buildSettings = {
				CLANG_CXX_LANGUAGE_STANDARD = "c++14";
				CLANG_CXX_LIBRARY = "libc++";
				CLANG_LINK_OBJC_RUNTIME = NO;
				CODE_SIGN_IDENTITY = "";
				COMBINE_HIDPI_IMAGES = YES;
				CONFIGURATION_BUILD_DIR = "$(PROJECT_DIR)/build/$(CONFIGURATION)";
				DEAD_CODE_STRIPPING = YES;
				GCC_GENERATE_DEBUGGING_SYMBOLS = NO;
				GCC_OPTIMIZATION_LEVEL = 3;
				GCC_PREPROCESSOR_DEFINITIONS = (
					"_NDEBUG=1",
					"NDEBUG=1",
					"JUCE_DISPLAY_SPLASH_SCREEN=0",
					"JUCE_USE_DARK_SPLASH_SCREEN=1",
					"JUCE_PROJUCER_VERSION=0x60005",
					"JUCE_MODULE_AVAILABLE_juce_audio_basics=1",
					"JUCE_MODULE_AVAILABLE_juce_audio_devices=1",
					"JUCE_MODULE_AVAILABLE_juce_audio_formats=1",
					"JUCE_MODULE_AVAILABLE_juce_audio_plugin_client=1",
					"JUCE_MODULE_AVAILABLE_juce_audio_processors=1",
					"JUCE_MODULE_AVAILABLE_juce_audio_utils=1",
					"JUCE_MODULE_AVAILABLE_juce_core=1",
					"JUCE_MODULE_AVAILABLE_juce_data_structures=1",
					"JUCE_MODULE_AVAILABLE_juce_events=1",
					"JUCE_MODULE_AVAILABLE_juce_graphics=1",
					"JUCE_MODULE_AVAILABLE_juce_gui_basics=1",
					"JUCE_MODULE_AVAILABLE_juce_gui_extra=1",
					"JUCE_GLOBAL_MODULE_SETTINGS_INCLUDED=1",
					"JUCE_VST3_CAN_REPLACE_VST2=0",
					"JUCE_STRICT_REFCOUNTEDPOINTER=1",
					"JUCE_WEB_BROWSER=0",
					"JucePlugin_Build_VST=1",
					"JucePlugin_Build_VST3=0",
					"JucePlugin_Build_AU=0",
					"JucePlugin_Build_AUv3=0",
					"JucePlugin_Build_RTAS=0",
					"JucePlugin_Build_AAX=0",
					"JucePlugin_Build_Standalone=1",
					"JucePlugin_Build_Unity=0",
					"JucePlugin_Enable_IAA=0",
					"JucePlugin_Name=\\\"RitaAndAuroraMetronome\\\"",
					"JucePlugin_Desc=\\\"RitaAndAuroraMetronome\\\"",
					"JucePlugin_Manufacturer=\\\"yourcompany\\\"",
					"JucePlugin_ManufacturerWebsite=\\\"\\\"",
					"JucePlugin_ManufacturerEmail=\\\"\\\"",
					"JucePlugin_ManufacturerCode=0x4d616e75",
					"JucePlugin_PluginCode=0x58677231",
					"JucePlugin_IsSynth=1",
					"JucePlugin_WantsMidiInput=1",
					"JucePlugin_ProducesMidiOutput=0",
					"JucePlugin_IsMidiEffect=0",
					"JucePlugin_EditorRequiresKeyboardFocus=0",
					"JucePlugin_Version=1.0.0",
					"JucePlugin_VersionCode=0x10000",
					"JucePlugin_VersionString=\\\"1.0.0\\\"",
					"JucePlugin_VSTUniqueID=JucePlugin_PluginCode",
					"JucePlugin_VSTCategory=kPlugCategSynth",
					"JucePlugin_Vst3Category=\\\"Instrument|Synth\\\"",
					"JucePlugin_AUMainType='aumu'",
					"JucePlugin_AUSubType=JucePlugin_PluginCode",
					"JucePlugin_AUExportPrefix=RitaAndAuroraMetronomeAU",
					"JucePlugin_AUExportPrefixQuoted=\\\"RitaAndAuroraMetronomeAU\\\"",
					"JucePlugin_AUManufacturerCode=JucePlugin_ManufacturerCode",
					"JucePlugin_CFBundleIdentifier=com.yourcompany.RitaAndAuroraMetronome",
					"JucePlugin_RTASCategory=2048",
					"JucePlugin_RTASManufacturerCode=JucePlugin_ManufacturerCode",
					"JucePlugin_RTASProductId=JucePlugin_PluginCode",
					"JucePlugin_RTASDisableBypass=0",
					"JucePlugin_RTASDisableMultiMono=0",
					"JucePlugin_AAXIdentifier=com.yourcompany.RitaAndAuroraMetronome",
					"JucePlugin_AAXManufacturerCode=JucePlugin_ManufacturerCode",
					"JucePlugin_AAXProductId=JucePlugin_PluginCode",
					"JucePlugin_AAXCategory=2048",
					"JucePlugin_AAXDisableBypass=0",
					"JucePlugin_AAXDisableMultiMono=0",
					"JucePlugin_IAAType=0x61757269",
					"JucePlugin_IAASubType=JucePlugin_PluginCode",
					"JucePlugin_IAAName=\\\"yourcompany:\\ RitaAndAuroraMetronome\\\"",
					"JucePlugin_VSTNumMidiInputs=16",
					"JucePlugin_VSTNumMidiOutputs=16",
					"JUCE_STANDALONE_APPLICATION=JucePlugin_Build_Standalone",
					"JUCER_XCODE_MAC_F6D2F4CF=1",
					"JUCE_APP_VERSION=1.0.0",
					"JUCE_APP_VERSION_HEX=0x10000",
					"JUCE_SHARED_CODE=1",
				);
				GCC_VERSION = com.apple.compilers.llvm.clang.1_0;
				HEADER_SEARCH_PATHS = (
					"../../../../SourceSampler/3rdParty/JUCE/modules/juce_audio_processors/format_types/VST3_SDK",
					"../../JuceLibraryCode",
					"../../../../SourceSampler/3rdParty/JUCE/modules",
					"../../../../SourceSampler/3rdParty/JUCE/modules/juce_audio_plugin_client",
					"$(inherited)",
				);
				INSTALL_PATH = "@executable_path/../Frameworks";
				LLVM_LTO = YES;
				MACOSX_DEPLOYMENT_TARGET = 10.11;
				MTL_HEADER_SEARCH_PATHS = (
					"../../../../SourceSampler/3rdParty/JUCE/modules/juce_audio_processors/format_types/VST3_SDK",
					"../../JuceLibraryCode",
					"../../../../SourceSampler/3rdParty/JUCE/modules",
					"../../../../SourceSampler/3rdParty/JUCE/modules/juce_audio_plugin_client",
				);
				PRODUCT_BUNDLE_IDENTIFIER = com.yourcompany.RitaAndAuroraMetronome;
				PRODUCT_NAME = "RitaAndAuroraMetronome";
				SKIP_INSTALL = YES;
				USE_HEADERMAP = NO;
				VALID_ARCHS = "i386 x86_64 arm64 arm64e";
			};
			name = Release;
		};
		3F6BEEA96DA7E668F07BD2FA = {
			isa = XCBuildConfiguration;
			buildSettings = {
				ALWAYS_SEARCH_USER_PATHS = NO;
				CLANG_ENABLE_OBJC_WEAK = YES;
				CLANG_WARN_BLOCK_CAPTURE_AUTORELEASING = YES;
				CLANG_WARN_BOOL_CONVERSION = YES;
				CLANG_WARN_COMMA = YES;
				CLANG_WARN_CONSTANT_CONVERSION = YES;
				CLANG_WARN_DEPRECATED_OBJC_IMPLEMENTATIONS = YES;
				CLANG_WARN_EMPTY_BODY = YES;
				CLANG_WARN_ENUM_CONVERSION = YES;
				CLANG_WARN_INFINITE_RECURSION = YES;
				CLANG_WARN_INT_CONVERSION = YES;
				CLANG_WARN_NON_LITERAL_NULL_CONVERSION = YES;
				CLANG_WARN_OBJC_IMPLICIT_RETAIN_SELF = YES;
				CLANG_WARN_OBJC_LITERAL_CONVERSION = YES;
				CLANG_WARN_RANGE_LOOP_ANALYSIS = YES;
				CLANG_WARN_STRICT_PROTOTYPES = YES;
				CLANG_WARN_SUSPICIOUS_MOVE = YES;
				CLANG_WARN_UNREACHABLE_CODE = YES;
				CLANG_WARN__DUPLICATE_METHOD_MATCH = YES;
				CODE_SIGN_IDENTITY = "";
				DEBUG_INFORMATION_FORMAT = dwarf;
				ENABLE_STRICT_OBJC_MSGSEND = YES;
				ENABLE_TESTABILITY = NO;
				GCC_C_LANGUAGE_STANDARD = c11;
				GCC_INLINES_ARE_PRIVATE_EXTERN = YES;
				GCC_MODEL_TUNING = G5;
				GCC_NO_COMMON_BLOCKS = YES;
				GCC_SYMBOLS_PRIVATE_EXTERN = YES;
				GCC_WARN_64_TO_32_BIT_CONVERSION = YES;
				GCC_WARN_ABOUT_RETURN_TYPE = YES;
				GCC_WARN_CHECK_SWITCH_STATEMENTS = YES;
				GCC_WARN_MISSING_PARENTHESES = YES;
				GCC_WARN_NON_VIRTUAL_DESTRUCTOR = YES;
				GCC_WARN_TYPECHECK_CALLS_TO_PRINTF = YES;
				GCC_WARN_UNDECLARED_SELECTOR = YES;
				GCC_WARN_UNINITIALIZED_AUTOS = YES;
				GCC_WARN_UNUSED_FUNCTION = YES;
				GCC_WARN_UNUSED_VARIABLE = YES;
				ONLY_ACTIVE_ARCH = YES;
				PRODUCT_NAME = "RitaAndAuroraMetronome";
				SDKROOT = macosx;
				WARNING_CFLAGS = "-Wreorder";
				ZERO_LINK = NO;
			};
			name = Debug;
		};
		76EC777977D5D0D585CEB0E7 = {
			isa = XCBuildConfiguration;
			buildSettings = {
				ALWAYS_SEARCH_USER_PATHS = NO;
				CLANG_ENABLE_OBJC_WEAK = YES;
				CLANG_WARN_BLOCK_CAPTURE_AUTORELEASING = YES;
				CLANG_WARN_BOOL_CONVERSION = YES;
				CLANG_WARN_COMMA = YES;
				CLANG_WARN_CONSTANT_CONVERSION = YES;
				CLANG_WARN_DEPRECATED_OBJC_IMPLEMENTATIONS = YES;
				CLANG_WARN_EMPTY_BODY = YES;
				CLANG_WARN_ENUM_CONVERSION = YES;
				CLANG_WARN_INFINITE_RECURSION = YES;
				CLANG_WARN_INT_CONVERSION = YES;
				CLANG_WARN_NON_LITERAL_NULL_CONVERSION = YES;
				CLANG_WARN_OBJC_IMPLICIT_RETAIN_SELF = YES;
				CLANG_WARN_OBJC_LITERAL_CONVERSION = YES;
				CLANG_WARN_RANGE_LOOP_ANALYSIS = YES;
				CLANG_WARN_STRICT_PROTOTYPES = YES;
				CLANG_WARN_SUSPICIOUS_MOVE = YES;
				CLANG_WARN_UNREACHABLE_CODE = YES;
				CLANG_WARN__DUPLICATE_METHOD_MATCH = YES;
				CODE_SIGN_IDENTITY = "";
				DEBUG_INFORMATION_FORMAT = dwarf;
				ENABLE_STRICT_OBJC_MSGSEND = YES;
				ENABLE_TESTABILITY = NO;
				GCC_C_LANGUAGE_STANDARD = c11;
				GCC_INLINES_ARE_PRIVATE_EXTERN = YES;
				GCC_MODEL_TUNING = G5;
				GCC_NO_COMMON_BLOCKS = YES;
				GCC_SYMBOLS_PRIVATE_EXTERN = YES;
				GCC_WARN_64_TO_32_BIT_CONVERSION = YES;
				GCC_WARN_ABOUT_RETURN_TYPE = YES;
				GCC_WARN_CHECK_SWITCH_STATEMENTS = YES;
				GCC_WARN_MISSING_PARENTHESES = YES;
				GCC_WARN_NON_VIRTUAL_DESTRUCTOR = YES;
				GCC_WARN_TYPECHECK_CALLS_TO_PRINTF = YES;
				GCC_WARN_UNDECLARED_SELECTOR = YES;
				GCC_WARN_UNINITIALIZED_AUTOS = YES;
				GCC_WARN_UNUSED_FUNCTION = YES;
				GCC_WARN_UNUSED_VARIABLE = YES;
				PRODUCT_NAME = "RitaAndAuroraMetronome";
				SDKROOT = macosx;
				WARNING_CFLAGS = "-Wreorder";
				ZERO_LINK = NO;
			};
			name = Release;
		};
		BD6FF4EC169D23BDBC013AF4 = {
			isa = XCConfigurationList;
			buildConfigurations = (
				3F6BEEA96DA7E668F07BD2FA,
				76EC777977D5D0D585CEB0E7,
			);
			defaultConfigurationIsVisible = 0;
			defaultConfigurationName = Debug;
		};
		C8A7E0C1D7842B4001441847 = {
			isa = XCConfigurationList;
			buildConfigurations = (
				16BCF115F0CE9424005EC5D7,
				E2098E527B36E8C7F70AC348,
			);
			defaultConfigurationIsVisible = 0;
			defaultConfigurationName = Debug;
		};
		743EA24DE14110DD127200BC = {
			isa = PBXAggregateTarget;
			buildConfigurationList = C8A7E0C1D7842B4001441847;
			buildPhases = ( );
			buildRules = ( );
			dependencies = (
				DF1283E833715AA5667170A3,
				DC8BB6F72941D7216ED6FAAD,
				D4F3A1E9E2ACD2A4D642BC27,
			);
			name = "RitaAndAuroraMetronome - All";
			productName = RitaAndAuroraMetronome;
		};
		CB8833EAA0767A88B486E946 = {
			isa = XCConfigurationList;
			buildConfigurations = (
				9C97F15177AE72C1DF5EE38A,
				65AF0FDDAE78D7916471EF14,
			);
			defaultConfigurationIsVisible = 0;
			defaultConfigurationName = Debug;
		};
		056DD796C40A71279885888B = {
			isa = PBXResourcesBuildPhase;
			buildActionMask = 2147483647;
			files = (
				CE4DE6D17097F6F2A566C772,
			);
			runOnlyForDeploymentPostprocessing = 0;
		};
		AF255E9D60DEA2256AA5D57D = {
			isa = PBXSourcesBuildPhase;
			buildActionMask = 2147483647;
			files = (
				747CA8BA824AC7564FC2F705,
			);
			runOnlyForDeploymentPostprocessing = 0;
		};
		6945E9362D455748BF2EF019 = {
			isa = PBXFrameworksBuildPhase;
			buildActionMask = 2147483647;
			files = (
				67FE6666AE9E941CD860882A,
				53D6243ECE095B762AA89DC6,
				69E1E1222989C77A9198C338,
				85693F9A1926D17BC126D9D7,
				FB6A77CF9D1457C4F0107D75,
				1C9221E70AA03D32E510E8A3,
				2DE582553DBBD42AEB49CB36,
				D03F6FE315792FF5AD945CEB,
				4CC37E46DEB4DCACFA30E410,
				F19A151A161D9FDE6559831C,
				FD78BC7D03365E0E4AE1C814,
				44ACF8AD7B174917B8C5C31C,
			);
			runOnlyForDeploymentPostprocessing = 0;
		};
		B23A93B5E2053F7CDB085549 = {
			isa = PBXNativeTarget;
			buildConfigurationList = CB8833EAA0767A88B486E946;
			buildPhases = (
				056DD796C40A71279885888B,
				AF255E9D60DEA2256AA5D57D,
				6945E9362D455748BF2EF019,
			);
			buildRules = ( );
			dependencies = (
				49F6292C12967C41C84A58DB,
			);
			name = "RitaAndAuroraMetronome - VST";
			productName = RitaAndAuroraMetronome;
			productReference = 8AFB42F3C83327F1CCCC6C48;
			productType = "com.apple.product-type.bundle";
		};
		784180D111D000DDFEE9475F = {
			isa = XCConfigurationList;
			buildConfigurations = (
				51B0DB8463C079AE9EC43133,
				7F314655B6E306CE75F84673,
			);
			defaultConfigurationIsVisible = 0;
			defaultConfigurationName = Debug;
		};
		33472EFF8BC9A341F3BDC784 = {
			isa = PBXResourcesBuildPhase;
			buildActionMask = 2147483647;
			files = (
				CE4DE6D17097F6F2A566C772,
			);
			runOnlyForDeploymentPostprocessing = 0;
		};
		1A8C697A13DACD64241DFB72 = {
			isa = PBXSourcesBuildPhase;
			buildActionMask = 2147483647;
			files = (
				BB70F3A1F70E262B26071E41,
			);
			runOnlyForDeploymentPostprocessing = 0;
		};
		1DDB8583DD516E4D2A289C99 = {
			isa = PBXFrameworksBuildPhase;
			buildActionMask = 2147483647;
			files = (
				67FE6666AE9E941CD860882A,
				53D6243ECE095B762AA89DC6,
				69E1E1222989C77A9198C338,
				85693F9A1926D17BC126D9D7,
				FB6A77CF9D1457C4F0107D75,
				1C9221E70AA03D32E510E8A3,
				2DE582553DBBD42AEB49CB36,
				D03F6FE315792FF5AD945CEB,
				4CC37E46DEB4DCACFA30E410,
				F19A151A161D9FDE6559831C,
				FD78BC7D03365E0E4AE1C814,
				44ACF8AD7B174917B8C5C31C,
			);
			runOnlyForDeploymentPostprocessing = 0;
		};
		80F756F24D755FE956E4DC7C = {
			isa = PBXNativeTarget;
			buildConfigurationList = 784180D111D000DDFEE9475F;
			buildPhases = (
				33472EFF8BC9A341F3BDC784,
				1A8C697A13DACD64241DFB72,
				1DDB8583DD516E4D2A289C99,
			);
			buildRules = ( );
			dependencies = (
				844A8CA688C91B2EE7DF2C7D,
			);
			name = "RitaAndAuroraMetronome - Standalone Plugin";
			productName = RitaAndAuroraMetronome;
			productReference = 08D4BF5E77A8537E2BB6B25F;
			productType = "com.apple.product-type.application";
		};
		DB5825A068217A5FA4CCEDD5 = {
			isa = XCConfigurationList;
			buildConfigurations = (
				A174DB3CD28CE01D0085B84D,
				6C26DE5924FF46595C1EF070,
			);
			defaultConfigurationIsVisible = 0;
			defaultConfigurationName = Debug;
		};
		8BFAABAEBB655E9CE95A6567 = {
			isa = PBXSourcesBuildPhase;
			buildActionMask = 2147483647;
			files = (
				28A67665E6D4EA468867CEAE,
				FAA8ABC341B046B32A0F0A0C,
				58DDD5572F05F05413345E0C,
				2EA3FDFC66535027114FA623,
				13D4C349B69170FEB603C1A2,
				0A894FB4868EB0AE73C3963D,
				1BD8018DA5F565EE31101F68,
				EFB0FC9051FF3F28A1D9A37B,
				28AE8CC2D4A2CB3A96D69ECC,
				E782E9ACB402A2C25336F2E8,
				C1F8F479D46AB33801F02193,
				87B6884734E740AC3D6AF8A4,
				602E3121947FB60E7F0F5A75,
				C48A88D3CFC89A9E1E7C6AC1,
				CABD7B3F4840BC48D085369B,
				E3807573A51148EE23DD6A5C,
				B3BB4CE27E6129FBF652B87B,
			);
			runOnlyForDeploymentPostprocessing = 0;
		};
		298E10F9B2901A2AF56A5E71 = {
			isa = PBXNativeTarget;
			buildConfigurationList = DB5825A068217A5FA4CCEDD5;
			buildPhases = (
				8BFAABAEBB655E9CE95A6567,
			);
			buildRules = ( );
			dependencies = ( );
			name = "RitaAndAuroraMetronome - Shared Code";
			productName = RitaAndAuroraMetronome;
			productReference = 0A2102F76840B46BE1576D59;
			productType = "com.apple.product-type.library.static";
		};
		21540EE736D53DC7AB07B215 = {
			isa = PBXProject;
			buildConfigurationList = BD6FF4EC169D23BDBC013AF4;
			attributes = { LastUpgradeCheck = 1200; ORGANIZATIONNAME = ""; TargetAttributes = { 743EA24DE14110DD127200BC = { SystemCapabilities = {com.apple.ApplicationGroups.iOS = { enabled = 0; }; com.apple.InAppPurchase = { enabled = 0; }; com.apple.InterAppAudio = { enabled = 0; }; com.apple.Push = { enabled = 0; }; com.apple.Sandbox = { enabled = 0; }; com.apple.HardenedRuntime = { enabled = 0; }; }; };B23A93B5E2053F7CDB085549 = { SystemCapabilities = {com.apple.ApplicationGroups.iOS = { enabled = 0; }; com.apple.InAppPurchase = { enabled = 0; }; com.apple.InterAppAudio = { enabled = 0; }; com.apple.Push = { enabled = 0; }; com.apple.Sandbox = { enabled = 0; }; com.apple.HardenedRuntime = { enabled = 0; }; }; };80F756F24D755FE956E4DC7C = { SystemCapabilities = {com.apple.ApplicationGroups.iOS = { enabled = 0; }; com.apple.InAppPurchase = { enabled = 0; }; com.apple.InterAppAudio = { enabled = 0; }; com.apple.Push = { enabled = 0; }; com.apple.Sandbox = { enabled = 0; }; com.apple.HardenedRuntime = { enabled = 0; }; }; };298E10F9B2901A2AF56A5E71 = { SystemCapabilities = {com.apple.ApplicationGroups.iOS = { enabled = 0; }; com.apple.InAppPurchase = { enabled = 0; }; com.apple.InterAppAudio = { enabled = 0; }; com.apple.Push = { enabled = 0; }; com.apple.Sandbox = { enabled = 0; }; com.apple.HardenedRuntime = { enabled = 0; }; }; }; }; };
			compatibilityVersion = "Xcode 3.2";
			hasScannedForEncodings = 0;
			mainGroup = EEDDABB41C0F8359A7014B88;
			projectDirPath = "";
			projectRoot = "";
			targets = (743EA24DE14110DD127200BC, B23A93B5E2053F7CDB085549, 80F756F24D755FE956E4DC7C, 298E10F9B2901A2AF56A5E71);
			knownRegions = (en, Base);
		};
	};
	rootObject = 21540EE736D53DC7AB07B215;
}
